{
  "name": "JsonToRppp",
  "lockfileVersion": 2,
  "requires": true,
  "packages": {
    "": {
      "dependencies": {
        "fs": "^0.0.1-security",
        "rppp": "^0.4.2",
        "wav-file-info": "^0.0.10"
      }
    },
    "node_modules/fs": {
      "version": "0.0.1-security",
      "resolved": "https://registry.npmmirror.com/fs/-/fs-0.0.1-security.tgz",
      "integrity": "sha512-3XY9e1pP0CVEUCdj5BmfIZxRBTSDycnbqhIOGec9QYtmVH2fbLpj86CFWkrNOkt/Fvty4KZG5lTglL9j/gJ87w=="
    },
    "node_modules/rppp": {
      "version": "0.4.2",
      "resolved": "https://registry.npmmirror.com/rppp/-/rppp-0.4.2.tgz",
      "integrity": "sha512-Acgl1c0bSe+XCQK6Hs5g2Tfm2MlRf/ybCJUsn4qIx4NgmJG1tjdg2fUdjho6Z9O7XIrIG8725WNm/8Nwa8NUXQ=="
    },
    "node_modules/wav-file-info": {
      "version": "0.0.10",
      "resolved": "https://registry.npmmirror.com/wav-file-info/-/wav-file-info-0.0.10.tgz",
      "integrity": "sha512-SfDpZPGiRGwv/1aUT75Sb+56XJBUVfuP2kJzs2YGZI9yeJJj0ZUve969kaBLyyDkYuKoKP67+PPFMW0r4TLUsw=="
    }
  },
  "dependencies": {
    "fs": {
      "version": "0.0.1-security",
      "resolved": "https://registry.npmmirror.com/fs/-/fs-0.0.1-security.tgz",
      "integrity": "sha512-3XY9e1pP0CVEUCdj5BmfIZxRBTSDycnbqhIOGec9QYtmVH2fbLpj86CFWkrNOkt/Fvty4KZG5lTglL9j/gJ87w=="
    },
    "rppp": {
      "version": "0.4.2",
      "resolved": "https://registry.npmmirror.com/rppp/-/rppp-0.4.2.tgz",
      "integrity": "sha512-Acgl1c0bSe+XCQK6Hs5g2Tfm2MlRf/ybCJUsn4qIx4NgmJG1tjdg2fUdjho6Z9O7XIrIG8725WNm/8Nwa8NUXQ=="
    },
    "wav-file-info": {
      "version": "0.0.10",
      "resolved": "https://registry.npmmirror.com/wav-file-info/-/wav-file-info-0.0.10.tgz",
      "integrity": "sha512-SfDpZPGiRGwv/1aUT75Sb+56XJBUVfuP2kJzs2YGZI9yeJJj0ZUve969kaBLyyDkYuKoKP67+PPFMW0r4TLUsw=="
    }
  }
}
